# THIS IS AN AUTOGENERATED FILE. DO NOT EDIT THIS FILE DIRECTLY.
# yarn lockfile v1


"@babel/runtime@^7.11.2", "@babel/runtime@^7.12.5", "@babel/runtime@^7.5.5":
  version "7.22.11"
  resolved "https://registry.yarnpkg.com/@babel/runtime/-/runtime-7.22.11.tgz#7a9ba3bbe406ad6f9e8dd4da2ece453eb23a77a4"
  integrity sha512-ee7jVNlWN09+KftVOu9n7S8gQzD/Z6hN/I8VBRXW4P1+Xe7kJGXMwu8vds4aGIMHZnNbdpSWCfZZtinytpcAvA==
  dependencies:
    regenerator-runtime "^0.14.0"

"@videojs/http-streaming@3.5.3":
  version "3.5.3"
  resolved "https://registry.yarnpkg.com/@videojs/http-streaming/-/http-streaming-3.5.3.tgz#23106e1ef2fd9b9b62aa9b3dc2083bd36d99c963"
  integrity sha512-dty8lsZk9QPc0i4It79tjWsmPiaC3FpgARFM0vJGko4k3yKNZIYkAk8kjiDRfkAQH/HZ3rYi5dDTriFNzwSsIg==
  dependencies:
    "@babel/runtime" "^7.12.5"
    "@videojs/vhs-utils" "4.0.0"
    aes-decrypter "4.0.1"
    global "^4.4.0"
    m3u8-parser "^7.1.0"
    mpd-parser "^1.1.1"
    mux.js "7.0.0"
    video.js "^7 || ^8"

"@videojs/vhs-utils@4.0.0", "@videojs/vhs-utils@^4.0.0":
  version "4.0.0"
  resolved "https://registry.yarnpkg.com/@videojs/vhs-utils/-/vhs-utils-4.0.0.tgz#4d4dbf5d61a9fbd2da114b84ec747c3a483bc60d"
  integrity sha512-xJp7Yd4jMLwje2vHCUmi8MOUU76nxiwII3z4Eg3Ucb+6rrkFVGosrXlMgGnaLjq724j3wzNElRZ71D/CKrTtxg==
  dependencies:
    "@babel/runtime" "^7.12.5"
    global "^4.4.0"
    url-toolkit "^2.2.1"

"@videojs/vhs-utils@^3.0.5":
  version "3.0.5"
  resolved "https://registry.yarnpkg.com/@videojs/vhs-utils/-/vhs-utils-3.0.5.tgz#665ba70d78258ba1ab977364e2fe9f4d4799c46c"
  integrity sha512-PKVgdo8/GReqdx512F+ombhS+Bzogiofy1LgAj4tN8PfdBx3HSS7V5WfJotKTqtOWGwVfSWsrYN/t09/DSryrw==
  dependencies:
    "@babel/runtime" "^7.12.5"
    global "^4.4.0"
    url-toolkit "^2.2.1"

"@videojs/xhr@2.6.0":
  version "2.6.0"
  resolved "https://registry.yarnpkg.com/@videojs/xhr/-/xhr-2.6.0.tgz#cd897e0ad54faf497961bcce3fa16dc15a26bb80"
  integrity sha512-7J361GiN1tXpm+gd0xz2QWr3xNWBE+rytvo8J3KuggFaLg+U37gZQ2BuPLcnkfGffy2e+ozY70RHC8jt7zjA6Q==
  dependencies:
    "@babel/runtime" "^7.5.5"
    global "~4.4.0"
    is-function "^1.0.1"

"@xmldom/xmldom@^0.8.3":
  version "0.8.10"
  resolved "https://registry.yarnpkg.com/@xmldom/xmldom/-/xmldom-0.8.10.tgz#a1337ca426aa61cef9fe15b5b28e340a72f6fa99"
  integrity sha512-2WALfTl4xo2SkGCYRt6rDTFfk9R1czmBvUQy12gK2KuRKIpWEhcbbzy8EZXtz/jkRqHX8bFEc6FC1HjX4TUWYw==

aes-decrypter@4.0.1, aes-decrypter@^4.0.1:
  version "4.0.1"
  resolved "https://registry.yarnpkg.com/aes-decrypter/-/aes-decrypter-4.0.1.tgz#c1a81d0bde0e96fed0674488d2a31a6d7ab9b7a7"
  integrity sha512-H1nh/P9VZXUf17AA5NQfJML88CFjVBDuGkp5zDHa7oEhYN9TTpNLJknRY1ie0iSKWlDf6JRnJKaZVDSQdPy6Cg==
  dependencies:
    "@babel/runtime" "^7.12.5"
    "@videojs/vhs-utils" "^3.0.5"
    global "^4.4.0"
    pkcs7 "^1.0.4"

dom-walk@^0.1.0:
  version "0.1.2"
  resolved "https://registry.yarnpkg.com/dom-walk/-/dom-walk-0.1.2.tgz#0c548bef048f4d1f2a97249002236060daa3fd84"
  integrity sha512-6QvTW9mrGeIegrFXdtQi9pk7O/nSK6lSdXW2eqUspN5LWD7UTji2Fqw5V2YLjBpHEoU9Xl/eUWNpDeZvoyOv2w==

global@4.4.0, global@^4.3.1, global@^4.4.0, global@~4.4.0:
  version "4.4.0"
  resolved "https://registry.yarnpkg.com/global/-/global-4.4.0.tgz#3e7b105179006a323ed71aafca3e9c57a5cc6406"
  integrity sha512-wv/LAoHdRE3BeTGz53FAamhGlPLhlssK45usmGFThIi4XqnBmjKQ16u+RNbP7WvigRZDxUsM0J3gcQ5yicaL0w==
  dependencies:
    min-document "^2.19.0"
    process "^0.11.10"

individual@^2.0.0:
  version "2.0.0"
  resolved "https://registry.yarnpkg.com/individual/-/individual-2.0.0.tgz#833b097dad23294e76117a98fb38e0d9ad61bb97"
  integrity sha512-pWt8hBCqJsUWI/HtcfWod7+N9SgAqyPEaF7JQjwzjn5vGrpg6aQ5qeAFQ7dx//UH4J1O+7xqew+gCeeFt6xN/g==

is-function@^1.0.1:
  version "1.0.2"
  resolved "https://registry.yarnpkg.com/is-function/-/is-function-1.0.2.tgz#4f097f30abf6efadac9833b17ca5dc03f8144e08"
  integrity sha512-lw7DUp0aWXYg+CBCN+JKkcE0Q2RayZnSvnZBlwgxHBQhqt5pZNVy4Ri7H9GmmXkdu7LUthszM+Tor1u/2iBcpQ==

keycode@2.2.0:
  version "2.2.0"
  resolved "https://registry.yarnpkg.com/keycode/-/keycode-2.2.0.tgz#3d0af56dc7b8b8e5cba8d0a97f107204eec22b04"
  integrity sha512-ps3I9jAdNtRpJrbBvQjpzyFbss/skHqzS+eu4RxKLaEAtFqkjZaB6TZMSivPbLxf4K7VI4SjR0P5mRCX5+Q25A==

m3u8-parser@^6.0.0:
  version "6.2.0"
  resolved "https://registry.yarnpkg.com/m3u8-parser/-/m3u8-parser-6.2.0.tgz#5b2f2fe103b76bd3ffc77c6b1eafc3772b1251dd"
  integrity sha512-qlC00JTxYOxawcqg+RB8jbyNwL3foY/nCY61kyWP+RCuJE9APLeqB/nSlTjb4Mg0yRmyERgjswpdQxMvkeoDrg==
  dependencies:
    "@babel/runtime" "^7.12.5"
    "@videojs/vhs-utils" "^3.0.5"
    global "^4.4.0"

m3u8-parser@^7.1.0:
  version "7.1.0"
  resolved "https://registry.yarnpkg.com/m3u8-parser/-/m3u8-parser-7.1.0.tgz#fa92ee22fc798150397c297152c879fe09f066c6"
  integrity sha512-7N+pk79EH4oLKPEYdgRXgAsKDyA/VCo0qCHlUwacttQA0WqsjZQYmNfywMvjlY9MpEBVZEt0jKFd73Kv15EBYQ==
  dependencies:
    "@babel/runtime" "^7.12.5"
    "@videojs/vhs-utils" "^3.0.5"
    global "^4.4.0"

min-document@^2.19.0:
  version "2.19.0"
  resolved "https://registry.yarnpkg.com/min-document/-/min-document-2.19.0.tgz#7bd282e3f5842ed295bb748cdd9f1ffa2c824685"
  integrity sha512-9Wy1B3m3f66bPPmU5hdA4DR4PB2OfDU/+GS3yAB7IQozE3tqXaVv2zOjgla7MEGSRv95+ILmOuvhLkOK6wJtCQ==
  dependencies:
    dom-walk "^0.1.0"

mpd-parser@^1.0.1, mpd-parser@^1.1.1:
  version "1.2.1"
  resolved "https://registry.yarnpkg.com/mpd-parser/-/mpd-parser-1.2.1.tgz#3306a627342dadcb5ad82de51fff7f8a9ab03d1b"
  integrity sha512-f1DPoocf4ERvBi9XnS1MWFaBURdJvv9uu7EgQEjrD1+U33NL7Azw030Au/GPOpA7YWTw97T9Bt/WgcEmM/B88g==
  dependencies:
    "@babel/runtime" "^7.12.5"
    "@videojs/vhs-utils" "^3.0.5"
    "@xmldom/xmldom" "^0.8.3"
    global "^4.4.0"

mux.js@7.0.0:
  version "7.0.0"
  resolved "https://registry.yarnpkg.com/mux.js/-/mux.js-7.0.0.tgz#f5f80cd63bc5eaf13ba2e8b3396d4dd03a8aa1f2"
  integrity sha512-DeZmr+3NDrO02k4SREtl4VB5GyGPCz2fzMjDxBIlamkxffSTLge97rtNMoonnmFHTp96QggDucUtKv3fmyObrA==
  dependencies:
    "@babel/runtime" "^7.11.2"
    global "^4.4.0"

mux.js@^6.2.0:
  version "6.3.0"
  resolved "https://registry.yarnpkg.com/mux.js/-/mux.js-6.3.0.tgz#b0a46bc468402f7ce2be4e0f87ce903f8683bfeb"
  integrity sha512-/QTkbSAP2+w1nxV+qTcumSDN5PA98P0tjrADijIzQHe85oBK3Akhy9AHlH0ne/GombLMz1rLyvVsmrgRxoPDrQ==
  dependencies:
    "@babel/runtime" "^7.11.2"
    global "^4.4.0"

pkcs7@^1.0.4:
  version "1.0.4"
  resolved "https://registry.yarnpkg.com/pkcs7/-/pkcs7-1.0.4.tgz#6090b9e71160dabf69209d719cbafa538b00a1cb"
  integrity sha512-afRERtHn54AlwaF2/+LFszyAANTCggGilmcmILUzEjvs3XgFZT+xE6+QWQcAGmu4xajy+Xtj7acLOPdx5/eXWQ==
  dependencies:
    "@babel/runtime" "^7.5.5"

process@^0.11.10:
  version "0.11.10"
  resolved "https://registry.yarnpkg.com/process/-/process-0.11.10.tgz#7332300e840161bda3e69a1d1d91a7d4bc16f182"
  integrity sha512-cdGef/drWFoydD1JsMzuFf8100nZl+GT+yacc2bEced5f9Rjk4z+WtFUTBu9PhOi9j/jfmBPu0mMEY4wIdAF8A==

regenerator-runtime@^0.14.0:
  version "0.14.0"
  resolved "https://registry.yarnpkg.com/regenerator-runtime/-/regenerator-runtime-0.14.0.tgz#5e19d68eb12d486f797e15a3c6a918f7cec5eb45"
  integrity sha512-srw17NI0TUWHuGa5CFGGmhfNIeja30WMBfbslPNhf6JrqQlLN5gcrvig1oqPxiVaXb0oW0XRKtH6Nngs5lKCIA==

rust-result@^1.0.0:
  version "1.0.0"
  resolved "https://registry.yarnpkg.com/rust-result/-/rust-result-1.0.0.tgz#34c75b2e6dc39fe5875e5bdec85b5e0f91536f72"
  integrity sha512-6cJzSBU+J/RJCF063onnQf0cDUOHs9uZI1oroSGnHOph+CQTIJ5Pp2hK5kEQq1+7yE/EEWfulSNXAQ2jikPthA==
  dependencies:
    individual "^2.0.0"

safe-json-parse@4.0.0:
  version "4.0.0"
  resolved "https://registry.yarnpkg.com/safe-json-parse/-/safe-json-parse-4.0.0.tgz#7c0f578cfccd12d33a71c0e05413e2eca171eaac"
  integrity sha512-RjZPPHugjK0TOzFrLZ8inw44s9bKox99/0AZW9o/BEQVrJfhI+fIHMErnPyRa89/yRXUUr93q+tiN6zhoVV4wQ==
  dependencies:
    rust-result "^1.0.0"

url-toolkit@^2.2.1:
  version "2.2.5"
  resolved "https://registry.yarnpkg.com/url-toolkit/-/url-toolkit-2.2.5.tgz#58406b18e12c58803e14624df5e374f638b0f607"
  integrity sha512-mtN6xk+Nac+oyJ/PrI7tzfmomRVNFIWKUbG8jdYFt52hxbiReFAXIjYskvu64/dvuW71IcB7lV8l0HvZMac6Jg==

"video.js@^7 || ^8", video.js@^8.5.2:
  version "8.5.2"
  resolved "https://registry.yarnpkg.com/video.js/-/video.js-8.5.2.tgz#11cebb3934a020e0e4ab04c4d454c8c3f35ff8b8"
  integrity sha512-6/uNXQV3xSaKLpaPf/bVvr7omd+82sKUp0RMBgIt4PxHIe28GtX+O+GcNfI2fuwBvcDRDqk5Ei5AG9bJJOpulA==
  dependencies:
    "@babel/runtime" "^7.12.5"
    "@videojs/http-streaming" "3.5.3"
    "@videojs/vhs-utils" "^4.0.0"
    "@videojs/xhr" "2.6.0"
    aes-decrypter "^4.0.1"
    global "4.4.0"
    keycode "2.2.0"
    m3u8-parser "^6.0.0"
    mpd-parser "^1.0.1"
    mux.js "^6.2.0"
    safe-json-parse "4.0.0"
    videojs-contrib-quality-levels "4.0.0"
    videojs-font "4.1.0"
    videojs-vtt.js "0.15.5"

videojs-contrib-quality-levels@4.0.0:
  version "4.0.0"
  resolved "https://registry.yarnpkg.com/videojs-contrib-quality-levels/-/videojs-contrib-quality-levels-4.0.0.tgz#faa8096594cdbfc3ccbefe8572fc20531ba23f3d"
  integrity sha512-u5rmd8BjLwANp7XwuQ0Q/me34bMe6zg9PQdHfTS7aXgiVRbNTb4djcmfG7aeSrkpZjg+XCLezFNenlJaCjBHKw==
  dependencies:
    global "^4.4.0"

videojs-font@4.1.0:
  version "4.1.0"
  resolved "https://registry.yarnpkg.com/videojs-font/-/videojs-font-4.1.0.tgz#3ae1dbaac60b4f0f1c4e6f7ff9662a89df176015"
  integrity sha512-X1LuPfLZPisPLrANIAKCknZbZu5obVM/ylfd1CN+SsCmPZQ3UMDPcvLTpPBJxcBuTpHQq2MO1QCFt7p8spnZ/w==

videojs-vtt.js@0.15.5:
  version "0.15.5"
  resolved "https://registry.yarnpkg.com/videojs-vtt.js/-/videojs-vtt.js-0.15.5.tgz#567776eaf2a7a928d88b148a8b401ade2406f2ca"
  integrity sha512-yZbBxvA7QMYn15Lr/ZfhhLPrNpI/RmCSCqgIff57GC2gIrV5YfyzLfLyZMj0NnZSAz8syB4N0nHXpZg9MyrMOQ==
  dependencies:
    global "^4.3.1"
